
Microsoft Visual Studio Solution File, Format Version 12.00
# Visual Studio Version 17
VisualStudioVersion = 17.0.31903.59
MinimumVisualStudioVersion = 10.0.40219.1
Project("{F2A71F9B-5D33-465A-A702-920D77279786}") = "Functions", "Functions\Functions.fsproj", "{707FFA67-2A9E-442F-ABAD-8187C2638496}"
EndProject
Project("{F2A71F9B-5D33-465A-A702-920D77279786}") = "Functions.Tests", "Functions.Tests\Functions.Tests.fsproj", "{9C4D71A1-50A4-4D3A-9E17-FEFED9108FF8}"
EndProject
Global
	GlobalSection(SolutionConfigurationPlatforms) = preSolution
		Debug|Any CPU = Debug|Any CPU
		Release|Any CPU = Release|Any CPU
	EndGlobalSection
	GlobalSection(SolutionProperties) = preSolution
		HideSolutionNode = FALSE
	EndGlobalSection
	GlobalSection(ProjectConfigurationPlatforms) = postSolution
		{707FFA67-2A9E-442F-ABAD-8187C2638496}.Debug|Any CPU.ActiveCfg = Debug|Any CPU
		{707FFA67-2A9E-442F-ABAD-8187C2638496}.Debug|Any CPU.Build.0 = Debug|Any CPU
		{707FFA67-2A9E-442F-ABAD-8187C2638496}.Release|Any CPU.ActiveCfg = Release|Any CPU
		{707FFA67-2A9E-442F-ABAD-8187C2638496}.Release|Any CPU.Build.0 = Release|Any CPU
		{9C4D71A1-50A4-4D3A-9E17-FEFED9108FF8}.Debug|Any CPU.ActiveCfg = Debug|Any CPU
		{9C4D71A1-50A4-4D3A-9E17-FEFED9108FF8}.Debug|Any CPU.Build.0 = Debug|Any CPU
		{9C4D71A1-50A4-4D3A-9E17-FEFED9108FF8}.Release|Any CPU.ActiveCfg = Release|Any CPU
		{9C4D71A1-50A4-4D3A-9E17-FEFED9108FF8}.Release|Any CPU.Build.0 = Release|Any CPU
	EndGlobalSection
EndGlobal
