
Microsoft Visual Studio Solution File, Format Version 12.00
# Visual Studio Version 17
VisualStudioVersion = 17.0.31903.59
MinimumVisualStudioVersion = 10.0.40219.1
Project("{F2A71F9B-5D33-465A-A702-920D77279786}") = "EvenNumbers", "EvenNumbers\EvenNumbers.fsproj", "{1A060DE6-F7DC-45DC-9335-11332AAB0126}"
EndProject
Project("{F2A71F9B-5D33-465A-A702-920D77279786}") = "EvenNumbers.Tests", "EvenNumbers.Tests\EvenNumbers.Tests.fsproj", "{82A9A1D7-464A-4661-9984-80D9F98630E4}"
EndProject
Global
	GlobalSection(SolutionConfigurationPlatforms) = preSolution
		Debug|Any CPU = Debug|Any CPU
		Release|Any CPU = Release|Any CPU
	EndGlobalSection
	GlobalSection(SolutionProperties) = preSolution
		HideSolutionNode = FALSE
	EndGlobalSection
	GlobalSection(ProjectConfigurationPlatforms) = postSolution
		{1A060DE6-F7DC-45DC-9335-11332AAB0126}.Debug|Any CPU.ActiveCfg = Debug|Any CPU
		{1A060DE6-F7DC-45DC-9335-11332AAB0126}.Debug|Any CPU.Build.0 = Debug|Any CPU
		{1A060DE6-F7DC-45DC-9335-11332AAB0126}.Release|Any CPU.ActiveCfg = Release|Any CPU
		{1A060DE6-F7DC-45DC-9335-11332AAB0126}.Release|Any CPU.Build.0 = Release|Any CPU
		{82A9A1D7-464A-4661-9984-80D9F98630E4}.Debug|Any CPU.ActiveCfg = Debug|Any CPU
		{82A9A1D7-464A-4661-9984-80D9F98630E4}.Debug|Any CPU.Build.0 = Debug|Any CPU
		{82A9A1D7-464A-4661-9984-80D9F98630E4}.Release|Any CPU.ActiveCfg = Release|Any CPU
		{82A9A1D7-464A-4661-9984-80D9F98630E4}.Release|Any CPU.Build.0 = Release|Any CPU
	EndGlobalSection
EndGlobal
